// !$*UTF8*$!
{
	archiveVersion = 1;
	classes = {
	};
	objectVersion = 50;
	objects = {

/* Begin PBXBuildFile section */
		09743A9B21DCF9BC0001E248 /* AppDelegate.swift in Sources */ = {isa = PBXBuildFile; fileRef = 09743A9A21DCF9BC0001E248 /* AppDelegate.swift */; };
		09743A9D21DCF9BC0001E248 /* ViewController.swift in Sources */ = {isa = PBXBuildFile; fileRef = 09743A9C21DCF9BC0001E248 /* ViewController.swift */; };
		09743AA021DCF9BC0001E248 /* Main.storyboard in Resources */ = {isa = PBXBuildFile; fileRef = 09743A9E21DCF9BC0001E248 /* Main.storyboard */; };
		09743AA221DCF9BC0001E248 /* Assets.xcassets in Resources */ = {isa = PBXBuildFile; fileRef = 09743AA121DCF9BC0001E248 /* Assets.xcassets */; };
		09743AA521DCF9BC0001E248 /* LaunchScreen.storyboard in Resources */ = {isa = PBXBuildFile; fileRef = 09743AA321DCF9BC0001E248 /* LaunchScreen.storyboard */; };
		09743AB021DCF9BC0001E248 /* FinalProjectSet1Tests.swift in Sources */ = {isa = PBXBuildFile; fileRef = 09743AAF21DCF9BC0001E248 /* FinalProjectSet1Tests.swift */; };
		09743ABB21DCF9BC0001E248 /* FinalProjectSet1UITests.swift in Sources */ = {isa = PBXBuildFile; fileRef = 09743ABA21DCF9BC0001E248 /* FinalProjectSet1UITests.swift */; };
/* End PBXBuildFile section */

/* Begin PBXContainerItemProxy section */
		09743AAC21DCF9BC0001E248 /* PBXContainerItemProxy */ = {
			isa = PBXContainerItemProxy;
			containerPortal = 09743A8F21DCF9BC0001E248 /* Project object */;
			proxyType = 1;
			remoteGlobalIDString = 09743A9621DCF9BC0001E248;
			remoteInfo = FinalProjectSet1;
		};
		09743AB721DCF9BC0001E248 /* PBXContainerItemProxy */ = {
			isa = PBXContainerItemProxy;
			containerPortal = 09743A8F21DCF9BC0001E248 /* Project object */;
			proxyType = 1;
			remoteGlobalIDString = 09743A9621DCF9BC0001E248;
			remoteInfo = FinalProjectSet1;
		};
/* End PBXContainerItemProxy section */

/* Begin PBXFileReference section */
		09743A9721DCF9BC0001E248 /* FinalProjectSet1.app */ = {isa = PBXFileReference; explicitFileType = wrapper.application; includeInIndex = 0; path = FinalProjectSet1.app; sourceTree = BUILT_PRODUCTS_DIR; };
		09743A9A21DCF9BC0001E248 /* AppDelegate.swift */ = {isa = PBXFileReference; lastKnownFileType = sourcecode.swift; path = AppDelegate.swift; sourceTree = "<group>"; };
		09743A9C21DCF9BC0001E248 /* ViewController.swift */ = {isa = PBXFileReference; lastKnownFileType = sourcecode.swift; path = ViewController.swift; sourceTree = "<group>"; };
		09743A9F21DCF9BC0001E248 /* Base */ = {isa = PBXFileReference; lastKnownFileType = file.storyboard; name = Base; path = Base.lproj/Main.storyboard; sourceTree = "<group>"; };
		09743AA121DCF9BC0001E248 /* Assets.xcassets */ = {isa = PBXFileReference; lastKnownFileType = folder.assetcatalog; path = Assets.xcassets; sourceTree = "<group>"; };
		09743AA421DCF9BC0001E248 /* Base */ = {isa = PBXFileReference; lastKnownFileType = file.storyboard; name = Base; path = Base.lproj/LaunchScreen.storyboard; sourceTree = "<group>"; };
		09743AA621DCF9BC0001E248 /* Info.plist */ = {isa = PBXFileReference; lastKnownFileType = text.plist.xml; path = Info.plist; sourceTree = "<group>"; };
		09743AAB21DCF9BC0001E248 /* FinalProjectSet1Tests.xctest */ = {isa = PBXFileReference; explicitFileType = wrapper.cfbundle; includeInIndex = 0; path = FinalProjectSet1Tests.xctest; sourceTree = BUILT_PRODUCTS_DIR; };
		09743AAF21DCF9BC0001E248 /* FinalProjectSet1Tests.swift */ = {isa = PBXFileReference; lastKnownFileType = sourcecode.swift; path = FinalProjectSet1Tests.swift; sourceTree = "<group>"; };
		09743AB121DCF9BC0001E248 /* Info.plist */ = {isa = PBXFileReference; lastKnownFileType = text.plist.xml; path = Info.plist; sourceTree = "<group>"; };
		09743AB621DCF9BC0001E248 /* FinalProjectSet1UITests.xctest */ = {isa = PBXFileReference; explicitFileType = wrapper.cfbundle; includeInIndex = 0; path = FinalProjectSet1UITests.xctest; sourceTree = BUILT_PRODUCTS_DIR; };
		09743ABA21DCF9BC0001E248 /* FinalProjectSet1UITests.swift */ = {isa = PBXFileReference; lastKnownFileType = sourcecode.swift; path = FinalProjectSet1UITests.swift; sourceTree = "<group>"; };
		09743ABC21DCF9BC0001E248 /* Info.plist */ = {isa = PBXFileReference; lastKnownFileType = text.plist.xml; path = Info.plist; sourceTree = "<group>"; };
/* End PBXFileReference section */

/* Begin PBXFrameworksBuildPhase section */
		09743A9421DCF9BC0001E248 /* Frameworks */ = {
			isa = PBXFrameworksBuildPhase;
			buildActionMask = 2147483647;
			files = (
			);
			runOnlyForDeploymentPostprocessing = 0;
		};
		09743AA821DCF9BC0001E248 /* Frameworks */ = {
			isa = PBXFrameworksBuildPhase;
			buildActionMask = 2147483647;
			files = (
			);
			runOnlyForDeploymentPostprocessing = 0;
		};
		09743AB321DCF9BC0001E248 /* Frameworks */ = {
			isa = PBXFrameworksBuildPhase;
			buildActionMask = 2147483647;
			files = (
			);
			runOnlyForDeploymentPostprocessing = 0;
		};
/* End PBXFrameworksBuildPhase section */

/* Begin PBXGroup section */
		09743A8E21DCF9BC0001E248 = {
			isa = PBXGroup;
			children = (
				09743A9921DCF9BC0001E248 /* FinalProjectSet1 */,
				09743AAE21DCF9BC0001E248 /* FinalProjectSet1Tests */,
				09743AB921DCF9BC0001E248 /* FinalProjectSet1UITests */,
				09743A9821DCF9BC0001E248 /* Products */,
			);
			sourceTree = "<group>";
		};
		09743A9821DCF9BC0001E248 /* Products */ = {
			isa = PBXGroup;
			children = (
				09743A9721DCF9BC0001E248 /* FinalProjectSet1.app */,
				09743AAB21DCF9BC0001E248 /* FinalProjectSet1Tests.xctest */,
				09743AB621DCF9BC0001E248 /* FinalProjectSet1UITests.xctest */,
			);
			name = Products;
			sourceTree = "<group>";
		};
		09743A9921DCF9BC0001E248 /* FinalProjectSet1 */ = {
			isa = PBXGroup;
			children = (
				09743A9A21DCF9BC0001E248 /* AppDelegate.swift */,
				09743A9C21DCF9BC0001E248 /* ViewController.swift */,
				09743A9E21DCF9BC0001E248 /* Main.storyboard */,
				09743AA121DCF9BC0001E248 /* Assets.xcassets */,
				09743AA321DCF9BC0001E248 /* LaunchScreen.storyboard */,
				09743AA621DCF9BC0001E248 /* Info.plist */,
			);
			path = FinalProjectSet1;
			sourceTree = "<group>";
		};
		09743AAE21DCF9BC0001E248 /* FinalProjectSet1Tests */ = {
			isa = PBXGroup;
			children = (
				09743AAF21DCF9BC0001E248 /* FinalProjectSet1Tests.swift */,
				09743AB121DCF9BC0001E248 /* Info.plist */,
			);
			path = FinalProjectSet1Tests;
			sourceTree = "<group>";
		};
		09743AB921DCF9BC0001E248 /* FinalProjectSet1UITests */ = {
			isa = PBXGroup;
			children = (
				09743ABA21DCF9BC0001E248 /* FinalProjectSet1UITests.swift */,
				09743ABC21DCF9BC0001E248 /* Info.plist */,
			);
			path = FinalProjectSet1UITests;
			sourceTree = "<group>";
		};
/* End PBXGroup section */

/* Begin PBXNativeTarget section */
		09743A9621DCF9BC0001E248 /* FinalProjectSet1 */ = {
			isa = PBXNativeTarget;
			buildConfigurationList = 09743ABF21DCF9BC0001E248 /* Build configuration list for PBXNativeTarget "FinalProjectSet1" */;
			buildPhases = (
				09743A9321DCF9BC0001E248 /* Sources */,
				09743A9421DCF9BC0001E248 /* Frameworks */,
				09743A9521DCF9BC0001E248 /* Resources */,
			);
			buildRules = (
			);
			dependencies = (
			);
			name = FinalProjectSet1;
			productName = FinalProjectSet1;
			productReference = 09743A9721DCF9BC0001E248 /* FinalProjectSet1.app */;
			productType = "com.apple.product-type.application";
		};
		09743AAA21DCF9BC0001E248 /* FinalProjectSet1Tests */ = {
			isa = PBXNativeTarget;
			buildConfigurationList = 09743AC221DCF9BC0001E248 /* Build configuration list for PBXNativeTarget "FinalProjectSet1Tests" */;
			buildPhases = (
				09743AA721DCF9BC0001E248 /* Sources */,
				09743AA821DCF9BC0001E248 /* Frameworks */,
				09743AA921DCF9BC0001E248 /* Resources */,
			);
			buildRules = (
			);
			dependencies = (
				09743AAD21DCF9BC0001E248 /* PBXTargetDependency */,
			);
			name = FinalProjectSet1Tests;
			productName = FinalProjectSet1Tests;
			productReference = 09743AAB21DCF9BC0001E248 /* FinalProjectSet1Tests.xctest */;
			productType = "com.apple.product-type.bundle.unit-test";
		};
		09743AB521DCF9BC0001E248 /* FinalProjectSet1UITests */ = {
			isa = PBXNativeTarget;
			buildConfigurationList = 09743AC521DCF9BC0001E248 /* Build configuration list for PBXNativeTarget "FinalProjectSet1UITests" */;
			buildPhases = (
				09743AB221DCF9BC0001E248 /* Sources */,
				09743AB321DCF9BC0001E248 /* Frameworks */,
				09743AB421DCF9BC0001E248 /* Resources */,
			);
			buildRules = (
			);
			dependencies = (
				09743AB821DCF9BC0001E248 /* PBXTargetDependency */,
			);
			name = FinalProjectSet1UITests;
			productName = FinalProjectSet1UITests;
			productReference = 09743AB621DCF9BC0001E248 /* FinalProjectSet1UITests.xctest */;
			productType = "com.apple.product-type.bundle.ui-testing";
		};
/* End PBXNativeTarget section */

/* Begin PBXProject section */
		09743A8F21DCF9BC0001E248 /* Project object */ = {
			isa = PBXProject;
			attributes = {
				LastSwiftUpdateCheck = 1010;
				LastUpgradeCheck = 1010;
				ORGANIZATIONNAME = "Swope, Thomas";
				TargetAttributes = {
					09743A9621DCF9BC0001E248 = {
						CreatedOnToolsVersion = 10.1;
					};
					09743AAA21DCF9BC0001E248 = {
						CreatedOnToolsVersion = 10.1;
						TestTargetID = 09743A9621DCF9BC0001E248;
					};
					09743AB521DCF9BC0001E248 = {
						CreatedOnToolsVersion = 10.1;
						TestTargetID = 09743A9621DCF9BC0001E248;
					};
				};
			};
			buildConfigurationList = 09743A9221DCF9BC0001E248 /* Build configuration list for PBXProject "FinalProjectSet1" */;
			compatibilityVersion = "Xcode 9.3";
			developmentRegion = en;
			hasScannedForEncodings = 0;
			knownRegions = (
				en,
				Base,
			);
			mainGroup = 09743A8E21DCF9BC0001E248;
			productRefGroup = 09743A9821DCF9BC0001E248 /* Products */;
			projectDirPath = "";
			projectRoot = "";
			targets = (
				09743A9621DCF9BC0001E248 /* FinalProjectSet1 */,
				09743AAA21DCF9BC0001E248 /* FinalProjectSet1Tests */,
				09743AB521DCF9BC0001E248 /* FinalProjectSet1UITests */,
			);
		};
/* End PBXProject section */

/* Begin PBXResourcesBuildPhase section */
		09743A9521DCF9BC0001E248 /* Resources */ = {
			isa = PBXResourcesBuildPhase;
			buildActionMask = 2147483647;
			files = (
				09743AA521DCF9BC0001E248 /* LaunchScreen.storyboard in Resources */,
				09743AA221DCF9BC0001E248 /* Assets.xcassets in Resources */,
				09743AA021DCF9BC0001E248 /* Main.storyboard in Resources */,
			);
			runOnlyForDeploymentPostprocessing = 0;
		};
		09743AA921DCF9BC0001E248 /* Resources */ = {
			isa = PBXResourcesBuildPhase;
			buildActionMask = 2147483647;
			files = (
			);
			runOnlyForDeploymentPostprocessing = 0;
		};
		09743AB421DCF9BC0001E248 /* Resources */ = {
			isa = PBXResourcesBuildPhase;
			buildActionMask = 2147483647;
			files = (
			);
			runOnlyForDeploymentPostprocessing = 0;
		};
/* End PBXResourcesBuildPhase section */

/* Begin PBXSourcesBuildPhase section */
		09743A9321DCF9BC0001E248 /* Sources */ = {
			isa = PBXSourcesBuildPhase;
			buildActionMask = 2147483647;
			files = (
				09743A9D21DCF9BC0001E248 /* ViewController.swift in Sources */,
				09743A9B21DCF9BC0001E248 /* AppDelegate.swift in Sources */,
			);
			runOnlyForDeploymentPostprocessing = 0;
		};
		09743AA721DCF9BC0001E248 /* Sources */ = {
			isa = PBXSourcesBuildPhase;
			buildActionMask = 2147483647;
			files = (
				09743AB021DCF9BC0001E248 /* FinalProjectSet1Tests.swift in Sources */,
			);
			runOnlyForDeploymentPostprocessing = 0;
		};
		09743AB221DCF9BC0001E248 /* Sources */ = {
			isa = PBXSourcesBuildPhase;
			buildActionMask = 2147483647;
			files = (
				09743ABB21DCF9BC0001E248 /* FinalProjectSet1UITests.swift in Sources */,
			);
			runOnlyForDeploymentPostprocessing = 0;
		};
/* End PBXSourcesBuildPhase section */

/* Begin PBXTargetDependency section */
		09743AAD21DCF9BC0001E248 /* PBXTargetDependency */ = {
			isa = PBXTargetDependency;
			target = 09743A9621DCF9BC0001E248 /* FinalProjectSet1 */;
			targetProxy = 09743AAC21DCF9BC0001E248 /* PBXContainerItemProxy */;
		};
		09743AB821DCF9BC0001E248 /* PBXTargetDependency */ = {
			isa = PBXTargetDependency;
			target = 09743A9621DCF9BC0001E248 /* FinalProjectSet1 */;
			targetProxy = 09743AB721DCF9BC0001E248 /* PBXContainerItemProxy */;
		};
/* End PBXTargetDependency section */

/* Begin PBXVariantGroup section */
		09743A9E21DCF9BC0001E248 /* Main.storyboard */ = {
			isa = PBXVariantGroup;
			children = (
				09743A9F21DCF9BC0001E248 /* Base */,
			);
			name = Main.storyboard;
			sourceTree = "<group>";
		};
		09743AA321DCF9BC0001E248 /* LaunchScreen.storyboard */ = {
			isa = PBXVariantGroup;
			children = (
				09743AA421DCF9BC0001E248 /* Base */,
			);
			name = LaunchScreen.storyboard;
			sourceTree = "<group>";
		};
/* End PBXVariantGroup section */

/* Begin XCBuildConfiguration section */
		09743ABD21DCF9BC0001E248 /* Debug */ = {
			isa = XCBuildConfiguration;
			buildSettings = {
				ALWAYS_SEARCH_USER_PATHS = NO;
				CLANG_ANALYZER_NONNULL = YES;
				CLANG_ANALYZER_NUMBER_OBJECT_CONVERSION = YES_AGGRESSIVE;
				CLANG_CXX_LANGUAGE_STANDARD = "gnu++14";
				CLANG_CXX_LIBRARY = "libc++";
				CLANG_ENABLE_MODULES = YES;
				CLANG_ENABLE_OBJC_ARC = YES;
				CLANG_ENABLE_OBJC_WEAK = YES;
				CLANG_WARN_BLOCK_CAPTURE_AUTORELEASING = YES;
				CLANG_WARN_BOOL_CONVERSION = YES;
				CLANG_WARN_COMMA = YES;
				CLANG_WARN_CONSTANT_CONVERSION = YES;
				CLANG_WARN_DEPRECATED_OBJC_IMPLEMENTATIONS = YES;
				CLANG_WARN_DIRECT_OBJC_ISA_USAGE = YES_ERROR;
				CLANG_WARN_DOCUMENTATION_COMMENTS = YES;
				CLANG_WARN_EMPTY_BODY = YES;
				CLANG_WARN_ENUM_CONVERSION = YES;
				CLANG_WARN_INFINITE_RECURSION = YES;
				CLANG_WARN_INT_CONVERSION = YES;
				CLANG_WARN_NON_LITERAL_NULL_CONVERSION = YES;
				CLANG_WARN_OBJC_IMPLICIT_RETAIN_SELF = YES;
				CLANG_WARN_OBJC_LITERAL_CONVERSION = YES;
				CLANG_WARN_OBJC_ROOT_CLASS = YES_ERROR;
				CLANG_WARN_RANGE_LOOP_ANALYSIS = YES;
				CLANG_WARN_STRICT_PROTOTYPES = YES;
				CLANG_WARN_SUSPICIOUS_MOVE = YES;
				CLANG_WARN_UNGUARDED_AVAILABILITY = YES_AGGRESSIVE;
				CLANG_WARN_UNREACHABLE_CODE = YES;
				CLANG_WARN__DUPLICATE_METHOD_MATCH = YES;
				CODE_SIGN_IDENTITY = "iPhone Developer";
				COPY_PHASE_STRIP = NO;
				DEBUG_INFORMATION_FORMAT = dwarf;
				ENABLE_STRICT_OBJC_MSGSEND = YES;
				ENABLE_TESTABILITY = YES;
				GCC_C_LANGUAGE_STANDARD = gnu11;
				GCC_DYNAMIC_NO_PIC = NO;
				GCC_NO_COMMON_BLOCKS = YES;
				GCC_OPTIMIZATION_LEVEL = 0;
				GCC_PREPROCESSOR_DEFINITIONS = (
					"DEBUG=1",
					"$(inherited)",
				);
				GCC_WARN_64_TO_32_BIT_CONVERSION = YES;
				GCC_WARN_ABOUT_RETURN_TYPE = YES_ERROR;
				GCC_WARN_UNDECLARED_SELECTOR = YES;
				GCC_WARN_UNINITIALIZED_AUTOS = YES_AGGRESSIVE;
				GCC_WARN_UNUSED_FUNCTION = YES;
				GCC_WARN_UNUSED_VARIABLE = YES;
				IPHONEOS_DEPLOYMENT_TARGET = 12.1;
				MTL_ENABLE_DEBUG_INFO = INCLUDE_SOURCE;
				MTL_FAST_MATH = YES;
				ONLY_ACTIVE_ARCH = YES;
				SDKROOT = iphoneos;
				SWIFT_ACTIVE_COMPILATION_CONDITIONS = DEBUG;
				SWIFT_OPTIMIZATION_LEVEL = "-Onone";
			};
			name = Debug;
		};
		09743ABE21DCF9BC0001E248 /* Release */ = {
			isa = XCBuildConfiguration;
			buildSettings = {
				ALWAYS_SEARCH_USER_PATHS = NO;
				CLANG_ANALYZER_NONNULL = YES;
				CLANG_ANALYZER_NUMBER_OBJECT_CONVERSION = YES_AGGRESSIVE;
				CLANG_CXX_LANGUAGE_STANDARD = "gnu++14";
				CLANG_CXX_LIBRARY = "libc++";
				CLANG_ENABLE_MODULES = YES;
				CLANG_ENABLE_OBJC_ARC = YES;
				CLANG_ENABLE_OBJC_WEAK = YES;
				CLANG_WARN_BLOCK_CAPTURE_AUTORELEASING = YES;
				CLANG_WARN_BOOL_CONVERSION = YES;
				CLANG_WARN_COMMA = YES;
				CLANG_WARN_CONSTANT_CONVERSION = YES;
				CLANG_WARN_DEPRECATED_OBJC_IMPLEMENTATIONS = YES;
				CLANG_WARN_DIRECT_OBJC_ISA_USAGE = YES_ERROR;
				CLANG_WARN_DOCUMENTATION_COMMENTS = YES;
				CLANG_WARN_EMPTY_BODY = YES;
				CLANG_WARN_ENUM_CONVERSION = YES;
				CLANG_WARN_INFINITE_RECURSION = YES;
				CLANG_WARN_INT_CONVERSION = YES;
				CLANG_WARN_NON_LITERAL_NULL_CONVERSION = YES;
				CLANG_WARN_OBJC_IMPLICIT_RETAIN_SELF = YES;
				CLANG_WARN_OBJC_LITERAL_CONVERSION = YES;
				CLANG_WARN_OBJC_ROOT_CLASS = YES_ERROR;
				CLANG_WARN_RANGE_LOOP_ANALYSIS = YES;
				CLANG_WARN_STRICT_PROTOTYPES = YES;
				CLANG_WARN_SUSPICIOUS_MOVE = YES;
				CLANG_WARN_UNGUARDED_AVAILABILITY = YES_AGGRESSIVE;
				CLANG_WARN_UNREACHABLE_CODE = YES;
				CLANG_WARN__DUPLICATE_METHOD_MATCH = YES;
				CODE_SIGN_IDENTITY = "iPhone Developer";
				COPY_PHASE_STRIP = NO;
				DEBUG_INFORMATION_FORMAT = "dwarf-with-dsym";
				ENABLE_NS_ASSERTIONS = NO;
				ENABLE_STRICT_OBJC_MSGSEND = YES;
				GCC_C_LANGUAGE_STANDARD = gnu11;
				GCC_NO_COMMON_BLOCKS = YES;
				GCC_WARN_64_TO_32_BIT_CONVERSION = YES;
				GCC_WARN_ABOUT_RETURN_TYPE = YES_ERROR;
				GCC_WARN_UNDECLARED_SELECTOR = YES;
				GCC_WARN_UNINITIALIZED_AUTOS = YES_AGGRESSIVE;
				GCC_WARN_UNUSED_FUNCTION = YES;
				GCC_WARN_UNUSED_VARIABLE = YES;
				IPHONEOS_DEPLOYMENT_TARGET = 12.1;
				MTL_ENABLE_DEBUG_INFO = NO;
				MTL_FAST_MATH = YES;
				SDKROOT = iphoneos;
				SWIFT_COMPILATION_MODE = wholemodule;
				SWIFT_OPTIMIZATION_LEVEL = "-O";
				VALIDATE_PRODUCT = YES;
			};
			name = Release;
		};
		09743AC021DCF9BC0001E248 /* Debug */ = {
			isa = XCBuildConfiguration;
			buildSettings = {
				ASSETCATALOG_COMPILER_APPICON_NAME = AppIcon;
				CODE_SIGN_STYLE = Automatic;
				INFOPLIST_FILE = FinalProjectSet1/Info.plist;
				LD_RUNPATH_SEARCH_PATHS = (
					"$(inherited)",
					"@executable_path/Frameworks",
				);
				PRODUCT_BUNDLE_IDENTIFIER = NewWaveComputers.FinalProjectSet1;
				PRODUCT_NAME = "$(TARGET_NAME)";
				SWIFT_VERSION = 4.2;
				TARGETED_DEVICE_FAMILY = "1,2";
			};
			name = Debug;
		};
		09743AC121DCF9BC0001E248 /* Release */ = {
			isa = XCBuildConfiguration;
			buildSettings = {
				ASSETCATALOG_COMPILER_APPICON_NAME = AppIcon;
				CODE_SIGN_STYLE = Automatic;
				INFOPLIST_FILE = FinalProjectSet1/Info.plist;
				LD_RUNPATH_SEARCH_PATHS = (
					"$(inherited)",
					"@executable_path/Frameworks",
				);
				PRODUCT_BUNDLE_IDENTIFIER = NewWaveComputers.FinalProjectSet1;
				PRODUCT_NAME = "$(TARGET_NAME)";
				SWIFT_VERSION = 4.2;
				TARGETED_DEVICE_FAMILY = "1,2";
			};
			name = Release;
		};
		09743AC321DCF9BC0001E248 /* Debug */ = {
			isa = XCBuildConfiguration;
			buildSettings = {
				ALWAYS_EMBED_SWIFT_STANDARD_LIBRARIES = YES;
				BUNDLE_LOADER = "$(TEST_HOST)";
				CODE_SIGN_STYLE = Automatic;
				INFOPLIST_FILE = FinalProjectSet1Tests/Info.plist;
				LD_RUNPATH_SEARCH_PATHS = (
					"$(inherited)",
					"@executable_path/Frameworks",
					"@loader_path/Frameworks",
				);
				PRODUCT_BUNDLE_IDENTIFIER = NewWaveComputers.FinalProjectSet1Tests;
				PRODUCT_NAME = "$(TARGET_NAME)";
				SWIFT_VERSION = 4.2;
				TARGETED_DEVICE_FAMILY = "1,2";
				TEST_HOST = "$(BUILT_PRODUCTS_DIR)/FinalProjectSet1.app/FinalProjectSet1";
			};
			name = Debug;
		};
		09743AC421DCF9BC0001E248 /* Release */ = {
			isa = XCBuildConfiguration;
			buildSettings = {
				ALWAYS_EMBED_SWIFT_STANDARD_LIBRARIES = YES;
				BUNDLE_LOADER = "$(TEST_HOST)";
				CODE_SIGN_STYLE = Automatic;
				INFOPLIST_FILE = FinalProjectSet1Tests/Info.plist;
				LD_RUNPATH_SEARCH_PATHS = (
					"$(inherited)",
					"@executable_path/Frameworks",
					"@loader_path/Frameworks",
				);
				PRODUCT_BUNDLE_IDENTIFIER = NewWaveComputers.FinalProjectSet1Tests;
				PRODUCT_NAME = "$(TARGET_NAME)";
				SWIFT_VERSION = 4.2;
				TARGETED_DEVICE_FAMILY = "1,2";
				TEST_HOST = "$(BUILT_PRODUCTS_DIR)/FinalProjectSet1.app/FinalProjectSet1";
			};
			name = Release;
		};
		09743AC621DCF9BC0001E248 /* Debug */ = {
			isa = XCBuildConfiguration;
			buildSettings = {
				ALWAYS_EMBED_SWIFT_STANDARD_LIBRARIES = YES;
				CODE_SIGN_STYLE = Automatic;
				INFOPLIST_FILE = FinalProjectSet1UITests/Info.plist;
				LD_RUNPATH_SEARCH_PATHS = (
					"$(inherited)",
					"@executable_path/Frameworks",
					"@loader_path/Frameworks",
				);
				PRODUCT_BUNDLE_IDENTIFIER = NewWaveComputers.FinalProjectSet1UITests;
				PRODUCT_NAME = "$(TARGET_NAME)";
				SWIFT_VERSION = 4.2;
				TARGETED_DEVICE_FAMILY = "1,2";
				TEST_TARGET_NAME = FinalProjectSet1;
			};
			name = Debug;
		};
		09743AC721DCF9BC0001E248 /* Release */ = {
			isa = XCBuildConfiguration;
			buildSettings = {
				ALWAYS_EMBED_SWIFT_STANDARD_LIBRARIES = YES;
				CODE_SIGN_STYLE = Automatic;
				INFOPLIST_FILE = FinalProjectSet1UITests/Info.plist;
				LD_RUNPATH_SEARCH_PATHS = (
					"$(inherited)",
					"@executable_path/Frameworks",
					"@loader_path/Frameworks",
				);
				PRODUCT_BUNDLE_IDENTIFIER = NewWaveComputers.FinalProjectSet1UITests;
				PRODUCT_NAME = "$(TARGET_NAME)";
				SWIFT_VERSION = 4.2;
				TARGETED_DEVICE_FAMILY = "1,2";
				TEST_TARGET_NAME = FinalProjectSet1;
			};
			name = Release;
		};
/* End XCBuildConfiguration section */

/* Begin XCConfigurationList section */
		09743A9221DCF9BC0001E248 /* Build configuration list for PBXProject "FinalProjectSet1" */ = {
			isa = XCConfigurationList;
			buildConfigurations = (
				09743ABD21DCF9BC0001E248 /* Debug */,
				09743ABE21DCF9BC0001E248 /* Release */,
			);
			defaultConfigurationIsVisible = 0;
			defaultConfigurationName = Release;
		};
		09743ABF21DCF9BC0001E248 /* Build configuration list for PBXNativeTarget "FinalProjectSet1" */ = {
			isa = XCConfigurationList;
			buildConfigurations = (
				09743AC021DCF9BC0001E248 /* Debug */,
				09743AC121DCF9BC0001E248 /* Release */,
			);
			defaultConfigurationIsVisible = 0;
			defaultConfigurationName = Release;
		};
		09743AC221DCF9BC0001E248 /* Build configuration list for PBXNativeTarget "FinalProjectSet1Tests" */ = {
			isa = XCConfigurationList;
			buildConfigurations = (
				09743AC321DCF9BC0001E248 /* Debug */,
				09743AC421DCF9BC0001E248 /* Release */,
			);
			defaultConfigurationIsVisible = 0;
			defaultConfigurationName = Release;
		};
		09743AC521DCF9BC0001E248 /* Build configuration list for PBXNativeTarget "FinalProjectSet1UITests" */ = {
			isa = XCConfigurationList;
			buildConfigurations = (
				09743AC621DCF9BC0001E248 /* Debug */,
				09743AC721DCF9BC0001E248 /* Release */,
			);
			defaultConfigurationIsVisible = 0;
			defaultConfigurationName = Release;
		};
/* End XCConfigurationList section */
	};
	rootObject = 09743A8F21DCF9BC0001E248 /* Project object */;
}
